
Microsoft Visual Studio Solution File, Format Version 12.00
# Visual Studio Version 16
VisualStudioVersion = 16.0.30104.148
MinimumVisualStudioVersion = 10.0.40219.1
Project("{FAE04EC0-301F-11D3-BF4B-00C04F79EFBC}") = "POIG", "POIG\POIG.csproj", "{056D040A-D0A3-440A-BEE0-E6B3EF857043}"
EndProject
Global
	GlobalSection(SolutionConfigurationPlatforms) = preSolution
		Debug|Any CPU = Debug|Any CPU
		Release|Any CPU = Release|Any CPU
	EndGlobalSection
	GlobalSection(ProjectConfigurationPlatforms) = postSolution
		{056D040A-D0A3-440A-BEE0-E6B3EF857043}.Debug|Any CPU.ActiveCfg = Debug|Any CPU
		{056D040A-D0A3-440A-BEE0-E6B3EF857043}.Debug|Any CPU.Build.0 = Debug|Any CPU
		{056D040A-D0A3-440A-BEE0-E6B3EF857043}.Release|Any CPU.ActiveCfg = Release|Any CPU
		{056D040A-D0A3-440A-BEE0-E6B3EF857043}.Release|Any CPU.Build.0 = Release|Any CPU
	EndGlobalSection
	GlobalSection(SolutionProperties) = preSolution
		HideSolutionNode = FALSE
	EndGlobalSection
	GlobalSection(ExtensibilityGlobals) = postSolution
		SolutionGuid = {341A4E53-44BA-40A5-8DB1-65AB3AEA34C1}
	EndGlobalSection
EndGlobal
